
Microsoft Visual Studio Solution File, Format Version 12.00
# Visual Studio 15
Project("{FAE04EC0-301F-11D3-BF4B-00C04F79EFBC}") = "Assembly-CSharp", "Assembly-CSharp.csproj", "{B081C62B-59B7-0FEF-CF28-250B4DEE6589}"
EndProject
Project("{FAE04EC0-301F-11D3-BF4B-00C04F79EFBC}") = "Assembly-CSharp-firstpass", "Assembly-CSharp-firstpass.csproj", "{B15A5E96-5934-85E3-5B7C-BB32D6C406ED}"
EndProject
Global
	GlobalSection(SolutionConfigurationPlatforms) = preSolution
		Debug|Any CPU = Debug|Any CPU
		Release|Any CPU = Release|Any CPU
	EndGlobalSection
	GlobalSection(ProjectConfigurationPlatforms) = postSolution
		{B081C62B-59B7-0FEF-CF28-250B4DEE6589}.Debug|Any CPU.ActiveCfg = Debug|Any CPU
		{B081C62B-59B7-0FEF-CF28-250B4DEE6589}.Debug|Any CPU.Build.0 = Debug|Any CPU
		{B081C62B-59B7-0FEF-CF28-250B4DEE6589}.Release|Any CPU.ActiveCfg = Release|Any CPU
		{B081C62B-59B7-0FEF-CF28-250B4DEE6589}.Release|Any CPU.Build.0 = Release|Any CPU
		{B15A5E96-5934-85E3-5B7C-BB32D6C406ED}.Debug|Any CPU.ActiveCfg = Debug|Any CPU
		{B15A5E96-5934-85E3-5B7C-BB32D6C406ED}.Debug|Any CPU.Build.0 = Debug|Any CPU
		{B15A5E96-5934-85E3-5B7C-BB32D6C406ED}.Release|Any CPU.ActiveCfg = Release|Any CPU
		{B15A5E96-5934-85E3-5B7C-BB32D6C406ED}.Release|Any CPU.Build.0 = Release|Any CPU
	EndGlobalSection
	GlobalSection(SolutionProperties) = preSolution
		HideSolutionNode = FALSE
	EndGlobalSection
EndGlobal
